PODS:
  - EZAlertController (0.3)
  - SocketRocket (0.5.1)
  - SwiftyJSON (2.3.2)

DEPENDENCIES:
  - EZAlertController (= 0.3)
  - SocketRocket
  - SwiftyJSON (from `https://github.com/SwiftyJSON/SwiftyJSON.git`)

EXTERNAL SOURCES:
  SwiftyJSON:
    :git: https://github.com/SwiftyJSON/SwiftyJSON.git

CHECKOUT OPTIONS:
  SwiftyJSON:
    :commit: 2a5b70f06001316d4fb54501edc70b4084705da0
    :git: https://github.com/SwiftyJSON/SwiftyJSON.git

SPEC CHECKSUMS:
  EZAlertController: 178808422e5281c3ffb20c28cb3eb555088bf07e
  SocketRocket: d57c7159b83c3c6655745cd15302aa24b6bae531
  SwiftyJSON: 04ccea08915aa0109039157c7974cf0298da292a

COCOAPODS: 0.39.0
